{
  "nodes": {
    "nixpkgs": {
      "locked": {
        "lastModified": 1776329215,
        "narHash": "sha256-a8BYi3mzoJ/AcJP8UldOx8emoPRLeWqALZWu4ZvjPXw=",
        "owner": "NixOS",
        "repo": "nixpkgs",
        "rev": "b86751bc4085f48661017fa226dee99fab6c651b",
        "type": "github"
      },
      "original": {
        "owner": "NixOS",
        "ref": "nixpkgs-unstable",
        "repo": "nixpkgs",
        "type": "github"
      }
    },
    "root": {
      "inputs": {
        "nixpkgs": "nixpkgs",
        "zmk": "zmk",
        "zmk-nix": "zmk-nix"
      }
    },
    "zmk": {
      "flake": false,
      "locked": {
        "lastModified": 1776277499,
        "narHash": "sha256-Y4ad6/aMfnuSTGKu+/77n9kakJlWLQ5F7CD9eyb+oYo=",
        "owner": "zmkfirmware",
        "repo": "zmk",
        "rev": "0331b7d16e80954b807917f9323e59ffc1e3b626",
        "type": "github"
      },
      "original": {
        "owner": "zmkfirmware",
        "ref": "main",
        "repo": "zmk",
        "type": "github"
      }
    },
    "zmk-nix": {
      "inputs": {
        "nixpkgs": [
          "nixpkgs"
        ]
      },
      "locked": {
        "lastModified": 1776560550,
        "narHash": "sha256-Z1Aex6W9fi4HsylwXcu2oNoLBL4lneeq93ExdeDC98c=",
        "owner": "lilyinstarlight",
        "repo": "zmk-nix",
        "rev": "10a92bc498508507fd05cb678a43dd44a572e782",
        "type": "github"
      },
      "original": {
        "owner": "lilyinstarlight",
        "repo": "zmk-nix",
        "type": "github"
      }
    }
  },
  "root": "root",
  "version": 7
}
